
Microsoft Visual Studio Solution File, Format Version 12.00
# Visual Studio Version 17
VisualStudioVersion = 17.5.002.0
MinimumVisualStudioVersion = 10.0.40219.1
Project("{9A19103F-16F7-4668-BE54-9A1E7A4F7556}") = "Task1", "Task1\Task1.csproj", "{06BFEF05-641D-4073-B63E-2381D11D2715}"
EndProject
Project("{9A19103F-16F7-4668-BE54-9A1E7A4F7556}") = "Task2", "Task2\Task2.csproj", "{871A0004-4474-4C69-9DAB-A60473B3E91D}"
EndProject
Project("{9A19103F-16F7-4668-BE54-9A1E7A4F7556}") = "Task3", "Task3\Task3.csproj", "{B7A2B434-0371-4617-9A65-0F96798E75C8}"
EndProject
Project("{9A19103F-16F7-4668-BE54-9A1E7A4F7556}") = "Task4", "Task4\Task4.csproj", "{7BD9FEA0-B567-42A6-85A7-C9730E227524}"
EndProject
Project("{9A19103F-16F7-4668-BE54-9A1E7A4F7556}") = "Task5", "Task5\Task5.csproj", "{E5F733A7-EF45-4A63-8AC7-AFA3E7F559EF}"
EndProject
Global
	GlobalSection(SolutionConfigurationPlatforms) = preSolution
		Debug|Any CPU = Debug|Any CPU
		Release|Any CPU = Release|Any CPU
	EndGlobalSection
	GlobalSection(ProjectConfigurationPlatforms) = postSolution
		{06BFEF05-641D-4073-B63E-2381D11D2715}.Debug|Any CPU.ActiveCfg = Debug|Any CPU
		{06BFEF05-641D-4073-B63E-2381D11D2715}.Debug|Any CPU.Build.0 = Debug|Any CPU
		{06BFEF05-641D-4073-B63E-2381D11D2715}.Release|Any CPU.ActiveCfg = Release|Any CPU
		{06BFEF05-641D-4073-B63E-2381D11D2715}.Release|Any CPU.Build.0 = Release|Any CPU
		{871A0004-4474-4C69-9DAB-A60473B3E91D}.Debug|Any CPU.ActiveCfg = Debug|Any CPU
		{871A0004-4474-4C69-9DAB-A60473B3E91D}.Debug|Any CPU.Build.0 = Debug|Any CPU
		{871A0004-4474-4C69-9DAB-A60473B3E91D}.Release|Any CPU.ActiveCfg = Release|Any CPU
		{871A0004-4474-4C69-9DAB-A60473B3E91D}.Release|Any CPU.Build.0 = Release|Any CPU
		{B7A2B434-0371-4617-9A65-0F96798E75C8}.Debug|Any CPU.ActiveCfg = Debug|Any CPU
		{B7A2B434-0371-4617-9A65-0F96798E75C8}.Debug|Any CPU.Build.0 = Debug|Any CPU
		{B7A2B434-0371-4617-9A65-0F96798E75C8}.Release|Any CPU.ActiveCfg = Release|Any CPU
		{B7A2B434-0371-4617-9A65-0F96798E75C8}.Release|Any CPU.Build.0 = Release|Any CPU
		{7BD9FEA0-B567-42A6-85A7-C9730E227524}.Debug|Any CPU.ActiveCfg = Debug|Any CPU
		{7BD9FEA0-B567-42A6-85A7-C9730E227524}.Debug|Any CPU.Build.0 = Debug|Any CPU
		{7BD9FEA0-B567-42A6-85A7-C9730E227524}.Release|Any CPU.ActiveCfg = Release|Any CPU
		{7BD9FEA0-B567-42A6-85A7-C9730E227524}.Release|Any CPU.Build.0 = Release|Any CPU
		{E5F733A7-EF45-4A63-8AC7-AFA3E7F559EF}.Debug|Any CPU.ActiveCfg = Debug|Any CPU
		{E5F733A7-EF45-4A63-8AC7-AFA3E7F559EF}.Debug|Any CPU.Build.0 = Debug|Any CPU
		{E5F733A7-EF45-4A63-8AC7-AFA3E7F559EF}.Release|Any CPU.ActiveCfg = Release|Any CPU
		{E5F733A7-EF45-4A63-8AC7-AFA3E7F559EF}.Release|Any CPU.Build.0 = Release|Any CPU
	EndGlobalSection
	GlobalSection(SolutionProperties) = preSolution
		HideSolutionNode = FALSE
	EndGlobalSection
	GlobalSection(ExtensibilityGlobals) = postSolution
		SolutionGuid = {1EA3BB66-2F55-4400-9F2C-A3B4057C501E}
	EndGlobalSection
EndGlobal
